
Microsoft Visual Studio Solution File, Format Version 12.00
# Visual Studio Version 17
VisualStudioVersion = 17.14.36109.1 d17.14
MinimumVisualStudioVersion = 10.0.40219.1
Project("{FAE04EC0-301F-11D3-BF4B-00C04F79EFBC}") = "ListViewMAUI", "ListViewMAUI\ListViewMAUI.csproj", "{2E2CF124-C1D9-47AD-9E27-47C2E532829E}"
EndProject
Global
	GlobalSection(SolutionConfigurationPlatforms) = preSolution
		Debug|Any CPU = Debug|Any CPU
		Release|Any CPU = Release|Any CPU
	EndGlobalSection
	GlobalSection(ProjectConfigurationPlatforms) = postSolution
		{2E2CF124-C1D9-47AD-9E27-47C2E532829E}.Debug|Any CPU.ActiveCfg = Debug|Any CPU
		{2E2CF124-C1D9-47AD-9E27-47C2E532829E}.Debug|Any CPU.Build.0 = Debug|Any CPU
		{2E2CF124-C1D9-47AD-9E27-47C2E532829E}.Release|Any CPU.ActiveCfg = Release|Any CPU
		{2E2CF124-C1D9-47AD-9E27-47C2E532829E}.Release|Any CPU.Build.0 = Release|Any CPU
	EndGlobalSection
	GlobalSection(SolutionProperties) = preSolution
		HideSolutionNode = FALSE
	EndGlobalSection
	GlobalSection(ExtensibilityGlobals) = postSolution
		SolutionGuid = {B56FBD1C-73C4-4141-A629-BC44CB8B6700}
	EndGlobalSection
EndGlobal
